// !$*UTF8*$!
{
	archiveVersion = 1;
	classes = {
	};
	objectVersion = 55;
	objects = {

/* Begin PBXBuildFile section */
		ACDC18FFC9F7D090C7ADF73D /* Pods_InterexyTest.framework in Frameworks */ = {isa = PBXBuildFile; fileRef = B1727A4242B2CD7D9F4F50B0 /* Pods_InterexyTest.framework */; };
		CEA418592973085800AAD1C5 /* LaunchScreen.storyboard in Resources */ = {isa = PBXBuildFile; fileRef = CEA418562973085800AAD1C5 /* LaunchScreen.storyboard */; };
		CEA4185A2973085800AAD1C5 /* Main.storyboard in Resources */ = {isa = PBXBuildFile; fileRef = CEA418572973085800AAD1C5 /* Main.storyboard */; };
		CEA4185B2973085800AAD1C5 /* MainScreenViewController.swift in Sources */ = {isa = PBXBuildFile; fileRef = CEA418582973085800AAD1C5 /* MainScreenViewController.swift */; };
		CEA4185D29730D9000AAD1C5 /* APIManager.swift in Sources */ = {isa = PBXBuildFile; fileRef = CEA4185C29730D9000AAD1C5 /* APIManager.swift */; };
		CEA4186029730E1F00AAD1C5 /* AppConstants.swift in Sources */ = {isa = PBXBuildFile; fileRef = CEA4185F29730E1F00AAD1C5 /* AppConstants.swift */; };
		CEA418642973182600AAD1C5 /* PopularMovies.swift in Sources */ = {isa = PBXBuildFile; fileRef = CEA418632973182600AAD1C5 /* PopularMovies.swift */; };
		CEA4186929731E5400AAD1C5 /* MovieCell.swift in Sources */ = {isa = PBXBuildFile; fileRef = CEA4186729731E5400AAD1C5 /* MovieCell.swift */; };
		CEA4186A29731E5400AAD1C5 /* MovieCell.xib in Resources */ = {isa = PBXBuildFile; fileRef = CEA4186829731E5400AAD1C5 /* MovieCell.xib */; };
		CEA4186F2973564E00AAD1C5 /* MovieDetails.swift in Sources */ = {isa = PBXBuildFile; fileRef = CEA4186E2973564E00AAD1C5 /* MovieDetails.swift */; };
		CEA4187229735B2A00AAD1C5 /* MovieDetailsViewController.swift in Sources */ = {isa = PBXBuildFile; fileRef = CEA4187129735B2A00AAD1C5 /* MovieDetailsViewController.swift */; };
		CEA4187429735B5E00AAD1C5 /* MovieDetailsViewController.xib in Resources */ = {isa = PBXBuildFile; fileRef = CEA4187329735B5E00AAD1C5 /* MovieDetailsViewController.xib */; };
		CEBAC4D1297406B100746F2D /* CircularProgressView.swift in Sources */ = {isa = PBXBuildFile; fileRef = CEBAC4D0297406B100746F2D /* CircularProgressView.swift */; };
		CEBF86F82972E3180036EC29 /* AppDelegate.swift in Sources */ = {isa = PBXBuildFile; fileRef = CEBF86F72972E3180036EC29 /* AppDelegate.swift */; };
		CEBF86FA2972E3180036EC29 /* SceneDelegate.swift in Sources */ = {isa = PBXBuildFile; fileRef = CEBF86F92972E3180036EC29 /* SceneDelegate.swift */; };
		CEBF87012972E31A0036EC29 /* Assets.xcassets in Resources */ = {isa = PBXBuildFile; fileRef = CEBF87002972E31A0036EC29 /* Assets.xcassets */; };
/* End PBXBuildFile section */

/* Begin PBXFileReference section */
		2EADB344922686C491F21F1F /* Pods-InterexyTest.debug.xcconfig */ = {isa = PBXFileReference; includeInIndex = 1; lastKnownFileType = text.xcconfig; name = "Pods-InterexyTest.debug.xcconfig"; path = "Target Support Files/Pods-InterexyTest/Pods-InterexyTest.debug.xcconfig"; sourceTree = "<group>"; };
		5D353986D43BC840B293F556 /* Pods-InterexyTest.release.xcconfig */ = {isa = PBXFileReference; includeInIndex = 1; lastKnownFileType = text.xcconfig; name = "Pods-InterexyTest.release.xcconfig"; path = "Target Support Files/Pods-InterexyTest/Pods-InterexyTest.release.xcconfig"; sourceTree = "<group>"; };
		B1727A4242B2CD7D9F4F50B0 /* Pods_InterexyTest.framework */ = {isa = PBXFileReference; explicitFileType = wrapper.framework; includeInIndex = 0; path = Pods_InterexyTest.framework; sourceTree = BUILT_PRODUCTS_DIR; };
		CEA418562973085800AAD1C5 /* LaunchScreen.storyboard */ = {isa = PBXFileReference; fileEncoding = 4; lastKnownFileType = file.storyboard; path = LaunchScreen.storyboard; sourceTree = "<group>"; };
		CEA418572973085800AAD1C5 /* Main.storyboard */ = {isa = PBXFileReference; fileEncoding = 4; lastKnownFileType = file.storyboard; path = Main.storyboard; sourceTree = "<group>"; };
		CEA418582973085800AAD1C5 /* MainScreenViewController.swift */ = {isa = PBXFileReference; fileEncoding = 4; lastKnownFileType = sourcecode.swift; path = MainScreenViewController.swift; sourceTree = "<group>"; };
		CEA4185C29730D9000AAD1C5 /* APIManager.swift */ = {isa = PBXFileReference; lastKnownFileType = sourcecode.swift; path = APIManager.swift; sourceTree = "<group>"; };
		CEA4185F29730E1F00AAD1C5 /* AppConstants.swift */ = {isa = PBXFileReference; lastKnownFileType = sourcecode.swift; path = AppConstants.swift; sourceTree = "<group>"; };
		CEA418632973182600AAD1C5 /* PopularMovies.swift */ = {isa = PBXFileReference; lastKnownFileType = sourcecode.swift; path = PopularMovies.swift; sourceTree = "<group>"; };
		CEA4186729731E5400AAD1C5 /* MovieCell.swift */ = {isa = PBXFileReference; lastKnownFileType = sourcecode.swift; path = MovieCell.swift; sourceTree = "<group>"; };
		CEA4186829731E5400AAD1C5 /* MovieCell.xib */ = {isa = PBXFileReference; lastKnownFileType = file.xib; path = MovieCell.xib; sourceTree = "<group>"; };
		CEA4186E2973564E00AAD1C5 /* MovieDetails.swift */ = {isa = PBXFileReference; lastKnownFileType = sourcecode.swift; path = MovieDetails.swift; sourceTree = "<group>"; };
		CEA4187129735B2A00AAD1C5 /* MovieDetailsViewController.swift */ = {isa = PBXFileReference; lastKnownFileType = sourcecode.swift; path = MovieDetailsViewController.swift; sourceTree = "<group>"; };
		CEA4187329735B5E00AAD1C5 /* MovieDetailsViewController.xib */ = {isa = PBXFileReference; lastKnownFileType = file.xib; path = MovieDetailsViewController.xib; sourceTree = "<group>"; };
		CEBAC4D0297406B100746F2D /* CircularProgressView.swift */ = {isa = PBXFileReference; lastKnownFileType = sourcecode.swift; path = CircularProgressView.swift; sourceTree = "<group>"; };
		CEBF86F42972E3180036EC29 /* InterexyTest.app */ = {isa = PBXFileReference; explicitFileType = wrapper.application; includeInIndex = 0; path = InterexyTest.app; sourceTree = BUILT_PRODUCTS_DIR; };
		CEBF86F72972E3180036EC29 /* AppDelegate.swift */ = {isa = PBXFileReference; lastKnownFileType = sourcecode.swift; path = AppDelegate.swift; sourceTree = "<group>"; };
		CEBF86F92972E3180036EC29 /* SceneDelegate.swift */ = {isa = PBXFileReference; lastKnownFileType = sourcecode.swift; path = SceneDelegate.swift; sourceTree = "<group>"; };
		CEBF87002972E31A0036EC29 /* Assets.xcassets */ = {isa = PBXFileReference; lastKnownFileType = folder.assetcatalog; path = Assets.xcassets; sourceTree = "<group>"; };
		CEBF87052972E31A0036EC29 /* Info.plist */ = {isa = PBXFileReference; lastKnownFileType = text.plist.xml; path = Info.plist; sourceTree = "<group>"; };
/* End PBXFileReference section */

/* Begin PBXFrameworksBuildPhase section */
		CEBF86F12972E3180036EC29 /* Frameworks */ = {
			isa = PBXFrameworksBuildPhase;
			buildActionMask = 2147483647;
			files = (
				ACDC18FFC9F7D090C7ADF73D /* Pods_InterexyTest.framework in Frameworks */,
			);
			runOnlyForDeploymentPostprocessing = 0;
		};
/* End PBXFrameworksBuildPhase section */

/* Begin PBXGroup section */
		6AAFCC244CD20CCC62E94B1D /* Pods */ = {
			isa = PBXGroup;
			children = (
				2EADB344922686C491F21F1F /* Pods-InterexyTest.debug.xcconfig */,
				5D353986D43BC840B293F556 /* Pods-InterexyTest.release.xcconfig */,
			);
			path = Pods;
			sourceTree = "<group>";
		};
		CEA4185E29730E0900AAD1C5 /* Constants */ = {
			isa = PBXGroup;
			children = (
				CEA4185F29730E1F00AAD1C5 /* AppConstants.swift */,
			);
			path = Constants;
			sourceTree = "<group>";
		};
		CEA4186529731DCE00AAD1C5 /* Components */ = {
			isa = PBXGroup;
			children = (
				CEA4186629731DF600AAD1C5 /* MovieCell */,
			);
			path = Components;
			sourceTree = "<group>";
		};
		CEA4186629731DF600AAD1C5 /* MovieCell */ = {
			isa = PBXGroup;
			children = (
				CEBAC4CF2974069200746F2D /* Components */,
				CEA4186729731E5400AAD1C5 /* MovieCell.swift */,
				CEA4186829731E5400AAD1C5 /* MovieCell.xib */,
			);
			path = MovieCell;
			sourceTree = "<group>";
		};
		CEA4187029735A5800AAD1C5 /* MovieDetailsViewController */ = {
			isa = PBXGroup;
			children = (
				CEA4187129735B2A00AAD1C5 /* MovieDetailsViewController.swift */,
				CEA4187329735B5E00AAD1C5 /* MovieDetailsViewController.xib */,
			);
			path = MovieDetailsViewController;
			sourceTree = "<group>";
		};
		CEBAC4CF2974069200746F2D /* Components */ = {
			isa = PBXGroup;
			children = (
				CEBAC4D0297406B100746F2D /* CircularProgressView.swift */,
			);
			path = Components;
			sourceTree = "<group>";
		};
		CEBF86EB2972E3180036EC29 = {
			isa = PBXGroup;
			children = (
				CEA418562973085800AAD1C5 /* LaunchScreen.storyboard */,
				CEA418572973085800AAD1C5 /* Main.storyboard */,
				CEBF86F62972E3180036EC29 /* InterexyTest */,
				CEBF86F52972E3180036EC29 /* Products */,
				6AAFCC244CD20CCC62E94B1D /* Pods */,
				D6CC714B23C6A62287428C72 /* Frameworks */,
			);
			sourceTree = "<group>";
		};
		CEBF86F52972E3180036EC29 /* Products */ = {
			isa = PBXGroup;
			children = (
				CEBF86F42972E3180036EC29 /* InterexyTest.app */,
			);
			name = Products;
			sourceTree = "<group>";
		};
		CEBF86F62972E3180036EC29 /* InterexyTest */ = {
			isa = PBXGroup;
			children = (
				CEA4185E29730E0900AAD1C5 /* Constants */,
				CEBF870D2972F3320036EC29 /* Managers */,
				CEBF870C2972F31B0036EC29 /* Models */,
				CEBF870B2972F3110036EC29 /* ViewControllers */,
				CEBF86F72972E3180036EC29 /* AppDelegate.swift */,
				CEBF86F92972E3180036EC29 /* SceneDelegate.swift */,
				CEBF87002972E31A0036EC29 /* Assets.xcassets */,
				CEBF87052972E31A0036EC29 /* Info.plist */,
			);
			path = InterexyTest;
			sourceTree = "<group>";
		};
		CEBF870B2972F3110036EC29 /* ViewControllers */ = {
			isa = PBXGroup;
			children = (
				CEA4187029735A5800AAD1C5 /* MovieDetailsViewController */,
				CEBF87142972F9DB0036EC29 /* MainScreenViewController */,
			);
			path = ViewControllers;
			sourceTree = "<group>";
		};
		CEBF870C2972F31B0036EC29 /* Models */ = {
			isa = PBXGroup;
			children = (
				CEA418632973182600AAD1C5 /* PopularMovies.swift */,
				CEA4186E2973564E00AAD1C5 /* MovieDetails.swift */,
			);
			path = Models;
			sourceTree = "<group>";
		};
		CEBF870D2972F3320036EC29 /* Managers */ = {
			isa = PBXGroup;
			children = (
				CEA4185C29730D9000AAD1C5 /* APIManager.swift */,
			);
			path = Managers;
			sourceTree = "<group>";
		};
		CEBF87142972F9DB0036EC29 /* MainScreenViewController */ = {
			isa = PBXGroup;
			children = (
				CEA4186529731DCE00AAD1C5 /* Components */,
				CEA418582973085800AAD1C5 /* MainScreenViewController.swift */,
			);
			path = MainScreenViewController;
			sourceTree = "<group>";
		};
		D6CC714B23C6A62287428C72 /* Frameworks */ = {
			isa = PBXGroup;
			children = (
				B1727A4242B2CD7D9F4F50B0 /* Pods_InterexyTest.framework */,
			);
			name = Frameworks;
			sourceTree = "<group>";
		};
/* End PBXGroup section */

/* Begin PBXNativeTarget section */
		CEBF86F32972E3180036EC29 /* InterexyTest */ = {
			isa = PBXNativeTarget;
			buildConfigurationList = CEBF87082972E31A0036EC29 /* Build configuration list for PBXNativeTarget "InterexyTest" */;
			buildPhases = (
				31F427553E4B7A363415C997 /* [CP] Check Pods Manifest.lock */,
				CEBF86F02972E3180036EC29 /* Sources */,
				CEBF86F12972E3180036EC29 /* Frameworks */,
				CEBF86F22972E3180036EC29 /* Resources */,
				24750A5C99BA6BCF6D4EC65C /* [CP] Embed Pods Frameworks */,
			);
			buildRules = (
			);
			dependencies = (
			);
			name = InterexyTest;
			productName = InterexyTest;
			productReference = CEBF86F42972E3180036EC29 /* InterexyTest.app */;
			productType = "com.apple.product-type.application";
		};
/* End PBXNativeTarget section */

/* Begin PBXProject section */
		CEBF86EC2972E3180036EC29 /* Project object */ = {
			isa = PBXProject;
			attributes = {
				BuildIndependentTargetsInParallel = 1;
				LastSwiftUpdateCheck = 1420;
				LastUpgradeCheck = 1420;
				TargetAttributes = {
					CEBF86F32972E3180036EC29 = {
						CreatedOnToolsVersion = 14.2;
					};
				};
			};
			buildConfigurationList = CEBF86EF2972E3180036EC29 /* Build configuration list for PBXProject "InterexyTest" */;
			compatibilityVersion = "Xcode 13.0";
			developmentRegion = en;
			hasScannedForEncodings = 0;
			knownRegions = (
				en,
				Base,
			);
			mainGroup = CEBF86EB2972E3180036EC29;
			productRefGroup = CEBF86F52972E3180036EC29 /* Products */;
			projectDirPath = "";
			projectRoot = "";
			targets = (
				CEBF86F32972E3180036EC29 /* InterexyTest */,
			);
		};
/* End PBXProject section */

/* Begin PBXResourcesBuildPhase section */
		CEBF86F22972E3180036EC29 /* Resources */ = {
			isa = PBXResourcesBuildPhase;
			buildActionMask = 2147483647;
			files = (
				CEA418592973085800AAD1C5 /* LaunchScreen.storyboard in Resources */,
				CEBF87012972E31A0036EC29 /* Assets.xcassets in Resources */,
				CEA4186A29731E5400AAD1C5 /* MovieCell.xib in Resources */,
				CEA4185A2973085800AAD1C5 /* Main.storyboard in Resources */,
				CEA4187429735B5E00AAD1C5 /* MovieDetailsViewController.xib in Resources */,
			);
			runOnlyForDeploymentPostprocessing = 0;
		};
/* End PBXResourcesBuildPhase section */

/* Begin PBXShellScriptBuildPhase section */
		24750A5C99BA6BCF6D4EC65C /* [CP] Embed Pods Frameworks */ = {
			isa = PBXShellScriptBuildPhase;
			buildActionMask = 2147483647;
			files = (
			);
			inputFileListPaths = (
				"${PODS_ROOT}/Target Support Files/Pods-InterexyTest/Pods-InterexyTest-frameworks-${CONFIGURATION}-input-files.xcfilelist",
			);
			name = "[CP] Embed Pods Frameworks";
			outputFileListPaths = (
				"${PODS_ROOT}/Target Support Files/Pods-InterexyTest/Pods-InterexyTest-frameworks-${CONFIGURATION}-output-files.xcfilelist",
			);
			runOnlyForDeploymentPostprocessing = 0;
			shellPath = /bin/sh;
			shellScript = "\"${PODS_ROOT}/Target Support Files/Pods-InterexyTest/Pods-InterexyTest-frameworks.sh\"\n";
			showEnvVarsInLog = 0;
		};
		31F427553E4B7A363415C997 /* [CP] Check Pods Manifest.lock */ = {
			isa = PBXShellScriptBuildPhase;
			buildActionMask = 2147483647;
			files = (
			);
			inputFileListPaths = (
			);
			inputPaths = (
				"${PODS_PODFILE_DIR_PATH}/Podfile.lock",
				"${PODS_ROOT}/Manifest.lock",
			);
			name = "[CP] Check Pods Manifest.lock";
			outputFileListPaths = (
			);
			outputPaths = (
				"$(DERIVED_FILE_DIR)/Pods-InterexyTest-checkManifestLockResult.txt",
			);
			runOnlyForDeploymentPostprocessing = 0;
			shellPath = /bin/sh;
			shellScript = "diff \"${PODS_PODFILE_DIR_PATH}/Podfile.lock\" \"${PODS_ROOT}/Manifest.lock\" > /dev/null\nif [ $? != 0 ] ; then\n    # print error to STDERR\n    echo \"error: The sandbox is not in sync with the Podfile.lock. Run 'pod install' or update your CocoaPods installation.\" >&2\n    exit 1\nfi\n# This output is used by Xcode 'outputs' to avoid re-running this script phase.\necho \"SUCCESS\" > \"${SCRIPT_OUTPUT_FILE_0}\"\n";
			showEnvVarsInLog = 0;
		};
/* End PBXShellScriptBuildPhase section */

/* Begin PBXSourcesBuildPhase section */
		CEBF86F02972E3180036EC29 /* Sources */ = {
			isa = PBXSourcesBuildPhase;
			buildActionMask = 2147483647;
			files = (
				CEA4186929731E5400AAD1C5 /* MovieCell.swift in Sources */,
				CEA4185D29730D9000AAD1C5 /* APIManager.swift in Sources */,
				CEA4187229735B2A00AAD1C5 /* MovieDetailsViewController.swift in Sources */,
				CEBF86F82972E3180036EC29 /* AppDelegate.swift in Sources */,
				CEA4186F2973564E00AAD1C5 /* MovieDetails.swift in Sources */,
				CEA418642973182600AAD1C5 /* PopularMovies.swift in Sources */,
				CEA4185B2973085800AAD1C5 /* MainScreenViewController.swift in Sources */,
				CEBF86FA2972E3180036EC29 /* SceneDelegate.swift in Sources */,
				CEBAC4D1297406B100746F2D /* CircularProgressView.swift in Sources */,
				CEA4186029730E1F00AAD1C5 /* AppConstants.swift in Sources */,
			);
			runOnlyForDeploymentPostprocessing = 0;
		};
/* End PBXSourcesBuildPhase section */

/* Begin XCBuildConfiguration section */
		CEBF87062972E31A0036EC29 /* Debug */ = {
			isa = XCBuildConfiguration;
			buildSettings = {
				ALWAYS_SEARCH_USER_PATHS = NO;
				CLANG_ANALYZER_NONNULL = YES;
				CLANG_ANALYZER_NUMBER_OBJECT_CONVERSION = YES_AGGRESSIVE;
				CLANG_CXX_LANGUAGE_STANDARD = "gnu++20";
				CLANG_ENABLE_MODULES = YES;
				CLANG_ENABLE_OBJC_ARC = YES;
				CLANG_ENABLE_OBJC_WEAK = YES;
				CLANG_WARN_BLOCK_CAPTURE_AUTORELEASING = YES;
				CLANG_WARN_BOOL_CONVERSION = YES;
				CLANG_WARN_COMMA = YES;
				CLANG_WARN_CONSTANT_CONVERSION = YES;
				CLANG_WARN_DEPRECATED_OBJC_IMPLEMENTATIONS = YES;
				CLANG_WARN_DIRECT_OBJC_ISA_USAGE = YES_ERROR;
				CLANG_WARN_DOCUMENTATION_COMMENTS = YES;
				CLANG_WARN_EMPTY_BODY = YES;
				CLANG_WARN_ENUM_CONVERSION = YES;
				CLANG_WARN_INFINITE_RECURSION = YES;
				CLANG_WARN_INT_CONVERSION = YES;
				CLANG_WARN_NON_LITERAL_NULL_CONVERSION = YES;
				CLANG_WARN_OBJC_IMPLICIT_RETAIN_SELF = YES;
				CLANG_WARN_OBJC_LITERAL_CONVERSION = YES;
				CLANG_WARN_OBJC_ROOT_CLASS = YES_ERROR;
				CLANG_WARN_QUOTED_INCLUDE_IN_FRAMEWORK_HEADER = YES;
				CLANG_WARN_RANGE_LOOP_ANALYSIS = YES;
				CLANG_WARN_STRICT_PROTOTYPES = YES;
				CLANG_WARN_SUSPICIOUS_MOVE = YES;
				CLANG_WARN_UNGUARDED_AVAILABILITY = YES_AGGRESSIVE;
				CLANG_WARN_UNREACHABLE_CODE = YES;
				CLANG_WARN__DUPLICATE_METHOD_MATCH = YES;
				COPY_PHASE_STRIP = NO;
				DEBUG_INFORMATION_FORMAT = dwarf;
				ENABLE_STRICT_OBJC_MSGSEND = YES;
				ENABLE_TESTABILITY = YES;
				GCC_C_LANGUAGE_STANDARD = gnu11;
				GCC_DYNAMIC_NO_PIC = NO;
				GCC_NO_COMMON_BLOCKS = YES;
				GCC_OPTIMIZATION_LEVEL = 0;
				GCC_PREPROCESSOR_DEFINITIONS = (
					"DEBUG=1",
					"$(inherited)",
				);
				GCC_WARN_64_TO_32_BIT_CONVERSION = YES;
				GCC_WARN_ABOUT_RETURN_TYPE = YES_ERROR;
				GCC_WARN_UNDECLARED_SELECTOR = YES;
				GCC_WARN_UNINITIALIZED_AUTOS = YES_AGGRESSIVE;
				GCC_WARN_UNUSED_FUNCTION = YES;
				GCC_WARN_UNUSED_VARIABLE = YES;
				IPHONEOS_DEPLOYMENT_TARGET = 16.2;
				MTL_ENABLE_DEBUG_INFO = INCLUDE_SOURCE;
				MTL_FAST_MATH = YES;
				ONLY_ACTIVE_ARCH = YES;
				SDKROOT = iphoneos;
				SWIFT_ACTIVE_COMPILATION_CONDITIONS = DEBUG;
				SWIFT_OPTIMIZATION_LEVEL = "-Onone";
			};
			name = Debug;
		};
		CEBF87072972E31A0036EC29 /* Release */ = {
			isa = XCBuildConfiguration;
			buildSettings = {
				ALWAYS_SEARCH_USER_PATHS = NO;
				CLANG_ANALYZER_NONNULL = YES;
				CLANG_ANALYZER_NUMBER_OBJECT_CONVERSION = YES_AGGRESSIVE;
				CLANG_CXX_LANGUAGE_STANDARD = "gnu++20";
				CLANG_ENABLE_MODULES = YES;
				CLANG_ENABLE_OBJC_ARC = YES;
				CLANG_ENABLE_OBJC_WEAK = YES;
				CLANG_WARN_BLOCK_CAPTURE_AUTORELEASING = YES;
				CLANG_WARN_BOOL_CONVERSION = YES;
				CLANG_WARN_COMMA = YES;
				CLANG_WARN_CONSTANT_CONVERSION = YES;
				CLANG_WARN_DEPRECATED_OBJC_IMPLEMENTATIONS = YES;
				CLANG_WARN_DIRECT_OBJC_ISA_USAGE = YES_ERROR;
				CLANG_WARN_DOCUMENTATION_COMMENTS = YES;
				CLANG_WARN_EMPTY_BODY = YES;
				CLANG_WARN_ENUM_CONVERSION = YES;
				CLANG_WARN_INFINITE_RECURSION = YES;
				CLANG_WARN_INT_CONVERSION = YES;
				CLANG_WARN_NON_LITERAL_NULL_CONVERSION = YES;
				CLANG_WARN_OBJC_IMPLICIT_RETAIN_SELF = YES;
				CLANG_WARN_OBJC_LITERAL_CONVERSION = YES;
				CLANG_WARN_OBJC_ROOT_CLASS = YES_ERROR;
				CLANG_WARN_QUOTED_INCLUDE_IN_FRAMEWORK_HEADER = YES;
				CLANG_WARN_RANGE_LOOP_ANALYSIS = YES;
				CLANG_WARN_STRICT_PROTOTYPES = YES;
				CLANG_WARN_SUSPICIOUS_MOVE = YES;
				CLANG_WARN_UNGUARDED_AVAILABILITY = YES_AGGRESSIVE;
				CLANG_WARN_UNREACHABLE_CODE = YES;
				CLANG_WARN__DUPLICATE_METHOD_MATCH = YES;
				COPY_PHASE_STRIP = NO;
				DEBUG_INFORMATION_FORMAT = "dwarf-with-dsym";
				ENABLE_NS_ASSERTIONS = NO;
				ENABLE_STRICT_OBJC_MSGSEND = YES;
				GCC_C_LANGUAGE_STANDARD = gnu11;
				GCC_NO_COMMON_BLOCKS = YES;
				GCC_WARN_64_TO_32_BIT_CONVERSION = YES;
				GCC_WARN_ABOUT_RETURN_TYPE = YES_ERROR;
				GCC_WARN_UNDECLARED_SELECTOR = YES;
				GCC_WARN_UNINITIALIZED_AUTOS = YES_AGGRESSIVE;
				GCC_WARN_UNUSED_FUNCTION = YES;
				GCC_WARN_UNUSED_VARIABLE = YES;
				IPHONEOS_DEPLOYMENT_TARGET = 16.2;
				MTL_ENABLE_DEBUG_INFO = NO;
				MTL_FAST_MATH = YES;
				SDKROOT = iphoneos;
				SWIFT_COMPILATION_MODE = wholemodule;
				SWIFT_OPTIMIZATION_LEVEL = "-O";
				VALIDATE_PRODUCT = YES;
			};
			name = Release;
		};
		CEBF87092972E31A0036EC29 /* Debug */ = {
			isa = XCBuildConfiguration;
			baseConfigurationReference = 2EADB344922686C491F21F1F /* Pods-InterexyTest.debug.xcconfig */;
			buildSettings = {
				ASSETCATALOG_COMPILER_APPICON_NAME = AppIcon;
				ASSETCATALOG_COMPILER_GLOBAL_ACCENT_COLOR_NAME = AccentColor;
				CODE_SIGN_STYLE = Automatic;
				CURRENT_PROJECT_VERSION = 1;
				DEVELOPMENT_TEAM = M6YCX5SN6F;
				GENERATE_INFOPLIST_FILE = YES;
				INFOPLIST_FILE = InterexyTest/Info.plist;
				INFOPLIST_KEY_UIApplicationSupportsIndirectInputEvents = YES;
				INFOPLIST_KEY_UILaunchStoryboardName = "";
				INFOPLIST_KEY_UIMainStoryboardFile = "";
				INFOPLIST_KEY_UISupportedInterfaceOrientations_iPad = "UIInterfaceOrientationPortrait UIInterfaceOrientationPortraitUpsideDown UIInterfaceOrientationLandscapeLeft UIInterfaceOrientationLandscapeRight";
				INFOPLIST_KEY_UISupportedInterfaceOrientations_iPhone = "UIInterfaceOrientationPortrait UIInterfaceOrientationLandscapeLeft UIInterfaceOrientationLandscapeRight";
				LD_RUNPATH_SEARCH_PATHS = (
					"$(inherited)",
					"@executable_path/Frameworks",
				);
				MARKETING_VERSION = 1.0;
				PRODUCT_BUNDLE_IDENTIFIER = app.InterexyTest;
				PRODUCT_NAME = "$(TARGET_NAME)";
				SWIFT_EMIT_LOC_STRINGS = YES;
				SWIFT_VERSION = 5.0;
				TARGETED_DEVICE_FAMILY = "1,2";
			};
			name = Debug;
		};
		CEBF870A2972E31A0036EC29 /* Release */ = {
			isa = XCBuildConfiguration;
			baseConfigurationReference = 5D353986D43BC840B293F556 /* Pods-InterexyTest.release.xcconfig */;
			buildSettings = {
				ASSETCATALOG_COMPILER_APPICON_NAME = AppIcon;
				ASSETCATALOG_COMPILER_GLOBAL_ACCENT_COLOR_NAME = AccentColor;
				CODE_SIGN_STYLE = Automatic;
				CURRENT_PROJECT_VERSION = 1;
				DEVELOPMENT_TEAM = M6YCX5SN6F;
				GENERATE_INFOPLIST_FILE = YES;
				INFOPLIST_FILE = InterexyTest/Info.plist;
				INFOPLIST_KEY_UIApplicationSupportsIndirectInputEvents = YES;
				INFOPLIST_KEY_UILaunchStoryboardName = "";
				INFOPLIST_KEY_UIMainStoryboardFile = "";
				INFOPLIST_KEY_UISupportedInterfaceOrientations_iPad = "UIInterfaceOrientationPortrait UIInterfaceOrientationPortraitUpsideDown UIInterfaceOrientationLandscapeLeft UIInterfaceOrientationLandscapeRight";
				INFOPLIST_KEY_UISupportedInterfaceOrientations_iPhone = "UIInterfaceOrientationPortrait UIInterfaceOrientationLandscapeLeft UIInterfaceOrientationLandscapeRight";
				LD_RUNPATH_SEARCH_PATHS = (
					"$(inherited)",
					"@executable_path/Frameworks",
				);
				MARKETING_VERSION = 1.0;
				PRODUCT_BUNDLE_IDENTIFIER = app.InterexyTest;
				PRODUCT_NAME = "$(TARGET_NAME)";
				SWIFT_EMIT_LOC_STRINGS = YES;
				SWIFT_VERSION = 5.0;
				TARGETED_DEVICE_FAMILY = "1,2";
			};
			name = Release;
		};
/* End XCBuildConfiguration section */

/* Begin XCConfigurationList section */
		CEBF86EF2972E3180036EC29 /* Build configuration list for PBXProject "InterexyTest" */ = {
			isa = XCConfigurationList;
			buildConfigurations = (
				CEBF87062972E31A0036EC29 /* Debug */,
				CEBF87072972E31A0036EC29 /* Release */,
			);
			defaultConfigurationIsVisible = 0;
			defaultConfigurationName = Release;
		};
		CEBF87082972E31A0036EC29 /* Build configuration list for PBXNativeTarget "InterexyTest" */ = {
			isa = XCConfigurationList;
			buildConfigurations = (
				CEBF87092972E31A0036EC29 /* Debug */,
				CEBF870A2972E31A0036EC29 /* Release */,
			);
			defaultConfigurationIsVisible = 0;
			defaultConfigurationName = Release;
		};
/* End XCConfigurationList section */
	};
	rootObject = CEBF86EC2972E3180036EC29 /* Project object */;
}
